schema = 3

[registry]
name = "pkgre"
index = "sparse+https://rust.pkg.re/pkgre/"
download = "https://dl.rust.pkg.re/v1/pkgre/{crate}/{version}/{sha256-checksum}"

[[names]]
name = "pkgre-indexer"
category = "tooling"
source = "publish"

[[packages]]
name = "pkgre-indexer"
version = "0.1.1"
state = "active"
crate-sha256 = "3257df14bc1ae9d6f2eb99d5db90e5d2a9fbc13c870044c9db5ba89bcc0b96a2"
source-row-sha256 = "b12f0350b65d153f4073d2090dadbbfd497e5746315872d1230d530fc8e46f92"
index-row-sha256 = "31fa100948a1cd8bc4f2ae717d11e498bdbebd9d24b09d4a0e90e52ef90c4338"

[packages.source]
kind = "git-tag"
git = "https://github.com/pkgre/pkgre"
tag = "indexer/v0.1.1"
tag-oid = "71cc5c5ad8f2b03c1b8bd984944f13593efb1ed3"
commit = "27d4cf7c657ef72283f9c61ec0c8ea572ed548d3"
package = "pkgre-indexer"
path = "indexer"
cargo-version = "1.95.0"

[[packages]]
name = "pkgre-indexer"
version = "0.2.0"
state = "active"
crate-sha256 = "9292cd7e7248ea3ee2a65184a492f107ae6af4a1186c41f57383973bc7686568"
source-row-sha256 = "22a932799227a0e62387095572fa0b3a40508b4d0f238c5d62796891bf84250f"
index-row-sha256 = "1e35f5362b139c9a69c8322c41f3a0573e3d893a181f83a015c3b80bdfb68765"

[packages.source]
kind = "git-tag"
git = "https://github.com/pkgre/pkgre"
tag = "indexer/v0.2.0"
tag-oid = "a13d63c2ace403f8d9e079411407323522028036"
commit = "0c09d95f5debf9f3475c4828e5fb836f9f1cc22b"
package = "pkgre-indexer"
path = "indexer"
cargo-version = "1.95.0"

[[packages]]
name = "pkgre-indexer"
version = "0.3.0"
state = "active"
crate-sha256 = "467be746eb89eb14da496a5d95a2cf13d20652644cf4ef18355be0723d95a755"
source-row-sha256 = "f0a80df4bf810cb3a8f1b300e7637499f4dae72e2fb5f3bdbec636a59b30b28f"
index-row-sha256 = "c43500740d185ab19b4cab188c8ef37df8cf035928a5161e347439126664f9ad"

[packages.source]
kind = "git-tag"
git = "https://github.com/pkgre/pkgre"
tag = "indexer/v0.3.0"
tag-oid = "b47ccfda09ecf5a11d229037d58b5f320d783e58"
commit = "b08d2b9f7f486b0e0ec9c138730b241478f775f3"
package = "pkgre-indexer"
path = "indexer"
cargo-version = "1.95.0"
